// !$*UTF8*$!
{
	archiveVersion = 1;
	classes = {
	};
	objectVersion = 50;
	objects = {

/* Begin PBXBuildFile section */
		2DCB50C004B8AB9CE53600D0 /* libPods-SwiftyNarou.a in Frameworks */ = {isa = PBXBuildFile; fileRef = 09E9E4D70E36ECCFDF2825A7 /* libPods-SwiftyNarou.a */; };
		A1059305EEB6068C14C55942 /* libPods-SwiftyNarouTests.a in Frameworks */ = {isa = PBXBuildFile; fileRef = FA3C61593DDAD2B789558479 /* libPods-SwiftyNarouTests.a */; };
		B834F7352536779100D24042 /* Narou+ApiWrapper.swift in Sources */ = {isa = PBXBuildFile; fileRef = B834F7342536779100D24042 /* Narou+ApiWrapper.swift */; };
		B83FF457252822C600D8B197 /* SwiftyNarou.framework in Frameworks */ = {isa = PBXBuildFile; fileRef = B83FF44D252822C600D8B197 /* SwiftyNarou.framework */; };
		B83FF45C252822C600D8B197 /* ParseNovelIndexTest.swift in Sources */ = {isa = PBXBuildFile; fileRef = B83FF45B252822C600D8B197 /* ParseNovelIndexTest.swift */; };
		B83FF45E252822C600D8B197 /* SwiftyNarou.h in Headers */ = {isa = PBXBuildFile; fileRef = B83FF450252822C600D8B197 /* SwiftyNarou.h */; settings = {ATTRIBUTES = (Public, ); }; };
		B8577911252D93280095165A /* FetchNovelIndexDataTest.swift in Sources */ = {isa = PBXBuildFile; fileRef = B8577910252D93280095165A /* FetchNovelIndexDataTest.swift */; };
		B874417325340EAF0001B098 /* NarouRequest.swift in Sources */ = {isa = PBXBuildFile; fileRef = B874417225340EAF0001B098 /* NarouRequest.swift */; };
		B874417925340ECC0001B098 /* NarouResponse.swift in Sources */ = {isa = PBXBuildFile; fileRef = B874417825340ECC0001B098 /* NarouResponse.swift */; };
		B87714D6252AF966008EDC3D /* NovelIndex.swift in Sources */ = {isa = PBXBuildFile; fileRef = B87714D5252AF966008EDC3D /* NovelIndex.swift */; };
		B87EEB902535B29700BADC10 /* TypeEnums.swift in Sources */ = {isa = PBXBuildFile; fileRef = B87EEB8F2535B29700BADC10 /* TypeEnums.swift */; };
		B87EEB942535B48A00BADC10 /* NarouResponseFormat.swift in Sources */ = {isa = PBXBuildFile; fileRef = B87EEB932535B48A00BADC10 /* NarouResponseFormat.swift */; };
		B8840B422532B9280013BEE5 /* Narou+NovelIndex.swift in Sources */ = {isa = PBXBuildFile; fileRef = B8840B412532B9280013BEE5 /* Narou+NovelIndex.swift */; };
		B8955EE625299A6700F16B2A /* Narou.swift in Sources */ = {isa = PBXBuildFile; fileRef = B8955EE525299A6700F16B2A /* Narou.swift */; };
		B8955EF02529B03200F16B2A /* Constants.swift in Sources */ = {isa = PBXBuildFile; fileRef = B8955EEF2529B03200F16B2A /* Constants.swift */; };
		B8B65ABA2537ACE200BF00B4 /* GenerateQueryItemsTest.swift in Sources */ = {isa = PBXBuildFile; fileRef = B8B65AB92537ACE200BF00B4 /* GenerateQueryItemsTest.swift */; };
		B8BD1708252F0943003E79B9 /* ParseSectionContentsTest.swift in Sources */ = {isa = PBXBuildFile; fileRef = B8BD1707252F0942003E79B9 /* ParseSectionContentsTest.swift */; };
		B8BD1710252F9B8C003E79B9 /* SectionContent.swift in Sources */ = {isa = PBXBuildFile; fileRef = B8BD170F252F9B8C003E79B9 /* SectionContent.swift */; };
		B8C6F724252C0560003FF3D5 /* NarouError.swift in Sources */ = {isa = PBXBuildFile; fileRef = B8C6F723252C0560003FF3D5 /* NarouError.swift */; };
		B8C9F1452530CDAE00B0DEA5 /* FetchSectionContentTest.swift in Sources */ = {isa = PBXBuildFile; fileRef = B8C9F1442530CDAE00B0DEA5 /* FetchSectionContentTest.swift */; };
		B8DD437F2529C1EB0055B3D5 /* Narou+SectionContent.swift in Sources */ = {isa = PBXBuildFile; fileRef = B8DD437E2529C1EB0055B3D5 /* Narou+SectionContent.swift */; };
		B8DD74CF252D2CD600A0747F /* TestUtils.swift in Sources */ = {isa = PBXBuildFile; fileRef = B8DD74CE252D2CD600A0747F /* TestUtils.swift */; };
/* End PBXBuildFile section */

/* Begin PBXContainerItemProxy section */
		B83FF458252822C600D8B197 /* PBXContainerItemProxy */ = {
			isa = PBXContainerItemProxy;
			containerPortal = B83FF444252822C600D8B197 /* Project object */;
			proxyType = 1;
			remoteGlobalIDString = B83FF44C252822C600D8B197;
			remoteInfo = SwiftyNarou;
		};
/* End PBXContainerItemProxy section */

/* Begin PBXFileReference section */
		09E9E4D70E36ECCFDF2825A7 /* libPods-SwiftyNarou.a */ = {isa = PBXFileReference; explicitFileType = archive.ar; includeInIndex = 0; path = "libPods-SwiftyNarou.a"; sourceTree = BUILT_PRODUCTS_DIR; };
		573BE494635C7BB0DADF36EB /* Pods-SwiftyNarouTests.release.xcconfig */ = {isa = PBXFileReference; includeInIndex = 1; lastKnownFileType = text.xcconfig; name = "Pods-SwiftyNarouTests.release.xcconfig"; path = "Target Support Files/Pods-SwiftyNarouTests/Pods-SwiftyNarouTests.release.xcconfig"; sourceTree = "<group>"; };
		886ABC3075DFB79F1F311B33 /* Pods-SwiftyNarou.release.xcconfig */ = {isa = PBXFileReference; includeInIndex = 1; lastKnownFileType = text.xcconfig; name = "Pods-SwiftyNarou.release.xcconfig"; path = "Target Support Files/Pods-SwiftyNarou/Pods-SwiftyNarou.release.xcconfig"; sourceTree = "<group>"; };
		8E635506E9F0FADB2A25AC65 /* Pods-SwiftyNarou.debug.xcconfig */ = {isa = PBXFileReference; includeInIndex = 1; lastKnownFileType = text.xcconfig; name = "Pods-SwiftyNarou.debug.xcconfig"; path = "Target Support Files/Pods-SwiftyNarou/Pods-SwiftyNarou.debug.xcconfig"; sourceTree = "<group>"; };
		B834F7342536779100D24042 /* Narou+ApiWrapper.swift */ = {isa = PBXFileReference; lastKnownFileType = sourcecode.swift; path = "Narou+ApiWrapper.swift"; sourceTree = "<group>"; };
		B83FF44D252822C600D8B197 /* SwiftyNarou.framework */ = {isa = PBXFileReference; explicitFileType = wrapper.framework; includeInIndex = 0; path = SwiftyNarou.framework; sourceTree = BUILT_PRODUCTS_DIR; };
		B83FF450252822C600D8B197 /* SwiftyNarou.h */ = {isa = PBXFileReference; lastKnownFileType = sourcecode.c.h; path = SwiftyNarou.h; sourceTree = "<group>"; };
		B83FF451252822C600D8B197 /* Info.plist */ = {isa = PBXFileReference; lastKnownFileType = text.plist.xml; path = Info.plist; sourceTree = "<group>"; };
		B83FF456252822C600D8B197 /* SwiftyNarouTests.xctest */ = {isa = PBXFileReference; explicitFileType = wrapper.cfbundle; includeInIndex = 0; path = SwiftyNarouTests.xctest; sourceTree = BUILT_PRODUCTS_DIR; };
		B83FF45B252822C600D8B197 /* ParseNovelIndexTest.swift */ = {isa = PBXFileReference; lastKnownFileType = sourcecode.swift; path = ParseNovelIndexTest.swift; sourceTree = "<group>"; };
		B83FF45D252822C600D8B197 /* Info.plist */ = {isa = PBXFileReference; lastKnownFileType = text.plist.xml; path = Info.plist; sourceTree = "<group>"; };
		B8577910252D93280095165A /* FetchNovelIndexDataTest.swift */ = {isa = PBXFileReference; lastKnownFileType = sourcecode.swift; path = FetchNovelIndexDataTest.swift; sourceTree = "<group>"; };
		B874417225340EAF0001B098 /* NarouRequest.swift */ = {isa = PBXFileReference; lastKnownFileType = sourcecode.swift; path = NarouRequest.swift; sourceTree = "<group>"; };
		B874417825340ECC0001B098 /* NarouResponse.swift */ = {isa = PBXFileReference; lastKnownFileType = sourcecode.swift; path = NarouResponse.swift; sourceTree = "<group>"; };
		B87714D5252AF966008EDC3D /* NovelIndex.swift */ = {isa = PBXFileReference; lastKnownFileType = sourcecode.swift; path = NovelIndex.swift; sourceTree = "<group>"; };
		B87EEB8F2535B29700BADC10 /* TypeEnums.swift */ = {isa = PBXFileReference; lastKnownFileType = sourcecode.swift; path = TypeEnums.swift; sourceTree = "<group>"; };
		B87EEB932535B48A00BADC10 /* NarouResponseFormat.swift */ = {isa = PBXFileReference; lastKnownFileType = sourcecode.swift; path = NarouResponseFormat.swift; sourceTree = "<group>"; };
		B8840B412532B9280013BEE5 /* Narou+NovelIndex.swift */ = {isa = PBXFileReference; lastKnownFileType = sourcecode.swift; path = "Narou+NovelIndex.swift"; sourceTree = "<group>"; };
		B8955EE525299A6700F16B2A /* Narou.swift */ = {isa = PBXFileReference; lastKnownFileType = sourcecode.swift; path = Narou.swift; sourceTree = "<group>"; };
		B8955EEF2529B03200F16B2A /* Constants.swift */ = {isa = PBXFileReference; lastKnownFileType = sourcecode.swift; path = Constants.swift; sourceTree = "<group>"; };
		B8B65AB92537ACE200BF00B4 /* GenerateQueryItemsTest.swift */ = {isa = PBXFileReference; lastKnownFileType = sourcecode.swift; path = GenerateQueryItemsTest.swift; sourceTree = "<group>"; };
		B8BD1707252F0942003E79B9 /* ParseSectionContentsTest.swift */ = {isa = PBXFileReference; lastKnownFileType = sourcecode.swift; path = ParseSectionContentsTest.swift; sourceTree = "<group>"; };
		B8BD170F252F9B8C003E79B9 /* SectionContent.swift */ = {isa = PBXFileReference; lastKnownFileType = sourcecode.swift; path = SectionContent.swift; sourceTree = "<group>"; };
		B8C6F723252C0560003FF3D5 /* NarouError.swift */ = {isa = PBXFileReference; lastKnownFileType = sourcecode.swift; path = NarouError.swift; sourceTree = "<group>"; };
		B8C9F1442530CDAE00B0DEA5 /* FetchSectionContentTest.swift */ = {isa = PBXFileReference; lastKnownFileType = sourcecode.swift; path = FetchSectionContentTest.swift; sourceTree = "<group>"; };
		B8DD437E2529C1EB0055B3D5 /* Narou+SectionContent.swift */ = {isa = PBXFileReference; lastKnownFileType = sourcecode.swift; path = "Narou+SectionContent.swift"; sourceTree = "<group>"; };
		B8DD74CE252D2CD600A0747F /* TestUtils.swift */ = {isa = PBXFileReference; lastKnownFileType = sourcecode.swift; path = TestUtils.swift; sourceTree = "<group>"; };
		ECDDD2D4D3B3EA1810FB45B1 /* Pods-SwiftyNarouTests.debug.xcconfig */ = {isa = PBXFileReference; includeInIndex = 1; lastKnownFileType = text.xcconfig; name = "Pods-SwiftyNarouTests.debug.xcconfig"; path = "Target Support Files/Pods-SwiftyNarouTests/Pods-SwiftyNarouTests.debug.xcconfig"; sourceTree = "<group>"; };
		FA3C61593DDAD2B789558479 /* libPods-SwiftyNarouTests.a */ = {isa = PBXFileReference; explicitFileType = archive.ar; includeInIndex = 0; path = "libPods-SwiftyNarouTests.a"; sourceTree = BUILT_PRODUCTS_DIR; };
/* End PBXFileReference section */

/* Begin PBXFrameworksBuildPhase section */
		B83FF44A252822C600D8B197 /* Frameworks */ = {
			isa = PBXFrameworksBuildPhase;
			buildActionMask = 2147483647;
			files = (
				2DCB50C004B8AB9CE53600D0 /* libPods-SwiftyNarou.a in Frameworks */,
			);
			runOnlyForDeploymentPostprocessing = 0;
		};
		B83FF453252822C600D8B197 /* Frameworks */ = {
			isa = PBXFrameworksBuildPhase;
			buildActionMask = 2147483647;
			files = (
				B83FF457252822C600D8B197 /* SwiftyNarou.framework in Frameworks */,
				A1059305EEB6068C14C55942 /* libPods-SwiftyNarouTests.a in Frameworks */,
			);
			runOnlyForDeploymentPostprocessing = 0;
		};
/* End PBXFrameworksBuildPhase section */

/* Begin PBXGroup section */
		1421C53283864742032F4154 /* Frameworks */ = {
			isa = PBXGroup;
			children = (
				09E9E4D70E36ECCFDF2825A7 /* libPods-SwiftyNarou.a */,
				FA3C61593DDAD2B789558479 /* libPods-SwiftyNarouTests.a */,
			);
			name = Frameworks;
			sourceTree = "<group>";
		};
		2F42E3215F3D311190BDAC3D /* Pods */ = {
			isa = PBXGroup;
			children = (
				8E635506E9F0FADB2A25AC65 /* Pods-SwiftyNarou.debug.xcconfig */,
				886ABC3075DFB79F1F311B33 /* Pods-SwiftyNarou.release.xcconfig */,
				ECDDD2D4D3B3EA1810FB45B1 /* Pods-SwiftyNarouTests.debug.xcconfig */,
				573BE494635C7BB0DADF36EB /* Pods-SwiftyNarouTests.release.xcconfig */,
			);
			path = Pods;
			sourceTree = "<group>";
		};
		B81401D7252AF6B30011D21E /* NcodeParser */ = {
			isa = PBXGroup;
			children = (
				B87714D2252AF7AE008EDC3D /* SectionParser */,
				B87714D1252AF7A6008EDC3D /* IndexParser */,
			);
			path = NcodeParser;
			sourceTree = "<group>";
		};
		B83FF443252822C600D8B197 = {
			isa = PBXGroup;
			children = (
				B83FF44F252822C600D8B197 /* SwiftyNarou */,
				B83FF45A252822C600D8B197 /* SwiftyNarouTests */,
				B83FF44E252822C600D8B197 /* Products */,
				2F42E3215F3D311190BDAC3D /* Pods */,
				1421C53283864742032F4154 /* Frameworks */,
			);
			sourceTree = "<group>";
		};
		B83FF44E252822C600D8B197 /* Products */ = {
			isa = PBXGroup;
			children = (
				B83FF44D252822C600D8B197 /* SwiftyNarou.framework */,
				B83FF456252822C600D8B197 /* SwiftyNarouTests.xctest */,
			);
			name = Products;
			sourceTree = "<group>";
		};
		B83FF44F252822C600D8B197 /* SwiftyNarou */ = {
			isa = PBXGroup;
			children = (
				B87441712533EBBF0001B098 /* ApiWrapper */,
				B8C6F722252C0545003FF3D5 /* Narou */,
				B81401D7252AF6B30011D21E /* NcodeParser */,
				B83FF450252822C600D8B197 /* SwiftyNarou.h */,
				B83FF451252822C600D8B197 /* Info.plist */,
			);
			path = SwiftyNarou;
			sourceTree = "<group>";
		};
		B83FF45A252822C600D8B197 /* SwiftyNarouTests */ = {
			isa = PBXGroup;
			children = (
				B8B65AB82537ACB300BF00B4 /* ApiWrapper */,
				B8C9F14D2530CDDC00B0DEA5 /* SectionParser */,
				B8C9F1482530CDB300B0DEA5 /* IndexParser */,
				B8DD74CE252D2CD600A0747F /* TestUtils.swift */,
				B83FF45D252822C600D8B197 /* Info.plist */,
			);
			path = SwiftyNarouTests;
			sourceTree = "<group>";
		};
		B87441712533EBBF0001B098 /* ApiWrapper */ = {
			isa = PBXGroup;
			children = (
				B874417225340EAF0001B098 /* NarouRequest.swift */,
				B874417825340ECC0001B098 /* NarouResponse.swift */,
				B87EEB8F2535B29700BADC10 /* TypeEnums.swift */,
				B87EEB932535B48A00BADC10 /* NarouResponseFormat.swift */,
				B834F7342536779100D24042 /* Narou+ApiWrapper.swift */,
			);
			path = ApiWrapper;
			sourceTree = "<group>";
		};
		B87714D1252AF7A6008EDC3D /* IndexParser */ = {
			isa = PBXGroup;
			children = (
				B87714D5252AF966008EDC3D /* NovelIndex.swift */,
				B8840B412532B9280013BEE5 /* Narou+NovelIndex.swift */,
			);
			path = IndexParser;
			sourceTree = "<group>";
		};
		B87714D2252AF7AE008EDC3D /* SectionParser */ = {
			isa = PBXGroup;
			children = (
				B8DD437E2529C1EB0055B3D5 /* Narou+SectionContent.swift */,
				B8BD170F252F9B8C003E79B9 /* SectionContent.swift */,
			);
			path = SectionParser;
			sourceTree = "<group>";
		};
		B8B65AB82537ACB300BF00B4 /* ApiWrapper */ = {
			isa = PBXGroup;
			children = (
				B8B65AB92537ACE200BF00B4 /* GenerateQueryItemsTest.swift */,
			);
			path = ApiWrapper;
			sourceTree = "<group>";
		};
		B8C6F722252C0545003FF3D5 /* Narou */ = {
			isa = PBXGroup;
			children = (
				B8955EEF2529B03200F16B2A /* Constants.swift */,
				B8955EE525299A6700F16B2A /* Narou.swift */,
				B8C6F723252C0560003FF3D5 /* NarouError.swift */,
			);
			path = Narou;
			sourceTree = "<group>";
		};
		B8C9F1482530CDB300B0DEA5 /* IndexParser */ = {
			isa = PBXGroup;
			children = (
				B8577910252D93280095165A /* FetchNovelIndexDataTest.swift */,
				B83FF45B252822C600D8B197 /* ParseNovelIndexTest.swift */,
			);
			path = IndexParser;
			sourceTree = "<group>";
		};
		B8C9F14D2530CDDC00B0DEA5 /* SectionParser */ = {
			isa = PBXGroup;
			children = (
				B8C9F1442530CDAE00B0DEA5 /* FetchSectionContentTest.swift */,
				B8BD1707252F0942003E79B9 /* ParseSectionContentsTest.swift */,
			);
			path = SectionParser;
			sourceTree = "<group>";
		};
/* End PBXGroup section */

/* Begin PBXHeadersBuildPhase section */
		B83FF448252822C600D8B197 /* Headers */ = {
			isa = PBXHeadersBuildPhase;
			buildActionMask = 2147483647;
			files = (
				B83FF45E252822C600D8B197 /* SwiftyNarou.h in Headers */,
			);
			runOnlyForDeploymentPostprocessing = 0;
		};
/* End PBXHeadersBuildPhase section */

/* Begin PBXNativeTarget section */
		B83FF44C252822C600D8B197 /* SwiftyNarou */ = {
			isa = PBXNativeTarget;
			buildConfigurationList = B83FF461252822C600D8B197 /* Build configuration list for PBXNativeTarget "SwiftyNarou" */;
			buildPhases = (
				06ADA46E65478F7EB4BB5300 /* [CP] Check Pods Manifest.lock */,
				B83FF448252822C600D8B197 /* Headers */,
				B83FF449252822C600D8B197 /* Sources */,
				B83FF44A252822C600D8B197 /* Frameworks */,
				B83FF44B252822C600D8B197 /* Resources */,
			);
			buildRules = (
			);
			dependencies = (
			);
			name = SwiftyNarou;
			productName = SwiftyNarou;
			productReference = B83FF44D252822C600D8B197 /* SwiftyNarou.framework */;
			productType = "com.apple.product-type.framework";
		};
		B83FF455252822C600D8B197 /* SwiftyNarouTests */ = {
			isa = PBXNativeTarget;
			buildConfigurationList = B83FF464252822C600D8B197 /* Build configuration list for PBXNativeTarget "SwiftyNarouTests" */;
			buildPhases = (
				2E77D5758C0EBB059C461C56 /* [CP] Check Pods Manifest.lock */,
				B83FF452252822C600D8B197 /* Sources */,
				B83FF453252822C600D8B197 /* Frameworks */,
				B83FF454252822C600D8B197 /* Resources */,
			);
			buildRules = (
			);
			dependencies = (
				B83FF459252822C600D8B197 /* PBXTargetDependency */,
			);
			name = SwiftyNarouTests;
			productName = SwiftyNarouTests;
			productReference = B83FF456252822C600D8B197 /* SwiftyNarouTests.xctest */;
			productType = "com.apple.product-type.bundle.unit-test";
		};
/* End PBXNativeTarget section */

/* Begin PBXProject section */
		B83FF444252822C600D8B197 /* Project object */ = {
			isa = PBXProject;
			attributes = {
				LastSwiftUpdateCheck = 1200;
				LastUpgradeCheck = 1200;
				TargetAttributes = {
					B83FF44C252822C600D8B197 = {
						CreatedOnToolsVersion = 12.0.1;
						LastSwiftMigration = 1200;
					};
					B83FF455252822C600D8B197 = {
						CreatedOnToolsVersion = 12.0.1;
					};
				};
			};
			buildConfigurationList = B83FF447252822C600D8B197 /* Build configuration list for PBXProject "SwiftyNarou" */;
			compatibilityVersion = "Xcode 9.3";
			developmentRegion = en;
			hasScannedForEncodings = 0;
			knownRegions = (
				en,
				Base,
			);
			mainGroup = B83FF443252822C600D8B197;
			productRefGroup = B83FF44E252822C600D8B197 /* Products */;
			projectDirPath = "";
			projectRoot = "";
			targets = (
				B83FF44C252822C600D8B197 /* SwiftyNarou */,
				B83FF455252822C600D8B197 /* SwiftyNarouTests */,
			);
		};
/* End PBXProject section */

/* Begin PBXResourcesBuildPhase section */
		B83FF44B252822C600D8B197 /* Resources */ = {
			isa = PBXResourcesBuildPhase;
			buildActionMask = 2147483647;
			files = (
			);
			runOnlyForDeploymentPostprocessing = 0;
		};
		B83FF454252822C600D8B197 /* Resources */ = {
			isa = PBXResourcesBuildPhase;
			buildActionMask = 2147483647;
			files = (
			);
			runOnlyForDeploymentPostprocessing = 0;
		};
/* End PBXResourcesBuildPhase section */

/* Begin PBXShellScriptBuildPhase section */
		06ADA46E65478F7EB4BB5300 /* [CP] Check Pods Manifest.lock */ = {
			isa = PBXShellScriptBuildPhase;
			buildActionMask = 2147483647;
			files = (
			);
			inputFileListPaths = (
			);
			inputPaths = (
				"${PODS_PODFILE_DIR_PATH}/Podfile.lock",
				"${PODS_ROOT}/Manifest.lock",
			);
			name = "[CP] Check Pods Manifest.lock";
			outputFileListPaths = (
			);
			outputPaths = (
				"$(DERIVED_FILE_DIR)/Pods-SwiftyNarou-checkManifestLockResult.txt",
			);
			runOnlyForDeploymentPostprocessing = 0;
			shellPath = /bin/sh;
			shellScript = "diff \"${PODS_PODFILE_DIR_PATH}/Podfile.lock\" \"${PODS_ROOT}/Manifest.lock\" > /dev/null\nif [ $? != 0 ] ; then\n    # print error to STDERR\n    echo \"error: The sandbox is not in sync with the Podfile.lock. Run 'pod install' or update your CocoaPods installation.\" >&2\n    exit 1\nfi\n# This output is used by Xcode 'outputs' to avoid re-running this script phase.\necho \"SUCCESS\" > \"${SCRIPT_OUTPUT_FILE_0}\"\n";
			showEnvVarsInLog = 0;
		};
		2E77D5758C0EBB059C461C56 /* [CP] Check Pods Manifest.lock */ = {
			isa = PBXShellScriptBuildPhase;
			buildActionMask = 2147483647;
			files = (
			);
			inputFileListPaths = (
			);
			inputPaths = (
				"${PODS_PODFILE_DIR_PATH}/Podfile.lock",
				"${PODS_ROOT}/Manifest.lock",
			);
			name = "[CP] Check Pods Manifest.lock";
			outputFileListPaths = (
			);
			outputPaths = (
				"$(DERIVED_FILE_DIR)/Pods-SwiftyNarouTests-checkManifestLockResult.txt",
			);
			runOnlyForDeploymentPostprocessing = 0;
			shellPath = /bin/sh;
			shellScript = "diff \"${PODS_PODFILE_DIR_PATH}/Podfile.lock\" \"${PODS_ROOT}/Manifest.lock\" > /dev/null\nif [ $? != 0 ] ; then\n    # print error to STDERR\n    echo \"error: The sandbox is not in sync with the Podfile.lock. Run 'pod install' or update your CocoaPods installation.\" >&2\n    exit 1\nfi\n# This output is used by Xcode 'outputs' to avoid re-running this script phase.\necho \"SUCCESS\" > \"${SCRIPT_OUTPUT_FILE_0}\"\n";
			showEnvVarsInLog = 0;
		};
/* End PBXShellScriptBuildPhase section */

/* Begin PBXSourcesBuildPhase section */
		B83FF449252822C600D8B197 /* Sources */ = {
			isa = PBXSourcesBuildPhase;
			buildActionMask = 2147483647;
			files = (
				B8955EE625299A6700F16B2A /* Narou.swift in Sources */,
				B8840B422532B9280013BEE5 /* Narou+NovelIndex.swift in Sources */,
				B87EEB902535B29700BADC10 /* TypeEnums.swift in Sources */,
				B874417925340ECC0001B098 /* NarouResponse.swift in Sources */,
				B87EEB942535B48A00BADC10 /* NarouResponseFormat.swift in Sources */,
				B874417325340EAF0001B098 /* NarouRequest.swift in Sources */,
				B8955EF02529B03200F16B2A /* Constants.swift in Sources */,
				B8DD437F2529C1EB0055B3D5 /* Narou+SectionContent.swift in Sources */,
				B834F7352536779100D24042 /* Narou+ApiWrapper.swift in Sources */,
				B8BD1710252F9B8C003E79B9 /* SectionContent.swift in Sources */,
				B87714D6252AF966008EDC3D /* NovelIndex.swift in Sources */,
				B8C6F724252C0560003FF3D5 /* NarouError.swift in Sources */,
			);
			runOnlyForDeploymentPostprocessing = 0;
		};
		B83FF452252822C600D8B197 /* Sources */ = {
			isa = PBXSourcesBuildPhase;
			buildActionMask = 2147483647;
			files = (
				B8B65ABA2537ACE200BF00B4 /* GenerateQueryItemsTest.swift in Sources */,
				B8577911252D93280095165A /* FetchNovelIndexDataTest.swift in Sources */,
				B8DD74CF252D2CD600A0747F /* TestUtils.swift in Sources */,
				B83FF45C252822C600D8B197 /* ParseNovelIndexTest.swift in Sources */,
				B8C9F1452530CDAE00B0DEA5 /* FetchSectionContentTest.swift in Sources */,
				B8BD1708252F0943003E79B9 /* ParseSectionContentsTest.swift in Sources */,
			);
			runOnlyForDeploymentPostprocessing = 0;
		};
/* End PBXSourcesBuildPhase section */

/* Begin PBXTargetDependency section */
		B83FF459252822C600D8B197 /* PBXTargetDependency */ = {
			isa = PBXTargetDependency;
			target = B83FF44C252822C600D8B197 /* SwiftyNarou */;
			targetProxy = B83FF458252822C600D8B197 /* PBXContainerItemProxy */;
		};
/* End PBXTargetDependency section */

/* Begin XCBuildConfiguration section */
		B83FF45F252822C600D8B197 /* Debug */ = {
			isa = XCBuildConfiguration;
			buildSettings = {
				ALWAYS_SEARCH_USER_PATHS = NO;
				CLANG_ANALYZER_NONNULL = YES;
				CLANG_ANALYZER_NUMBER_OBJECT_CONVERSION = YES_AGGRESSIVE;
				CLANG_CXX_LANGUAGE_STANDARD = "gnu++14";
				CLANG_CXX_LIBRARY = "libc++";
				CLANG_ENABLE_MODULES = YES;
				CLANG_ENABLE_OBJC_ARC = YES;
				CLANG_ENABLE_OBJC_WEAK = YES;
				CLANG_WARN_BLOCK_CAPTURE_AUTORELEASING = YES;
				CLANG_WARN_BOOL_CONVERSION = YES;
				CLANG_WARN_COMMA = YES;
				CLANG_WARN_CONSTANT_CONVERSION = YES;
				CLANG_WARN_DEPRECATED_OBJC_IMPLEMENTATIONS = YES;
				CLANG_WARN_DIRECT_OBJC_ISA_USAGE = YES_ERROR;
				CLANG_WARN_DOCUMENTATION_COMMENTS = YES;
				CLANG_WARN_EMPTY_BODY = YES;
				CLANG_WARN_ENUM_CONVERSION = YES;
				CLANG_WARN_INFINITE_RECURSION = YES;
				CLANG_WARN_INT_CONVERSION = YES;
				CLANG_WARN_NON_LITERAL_NULL_CONVERSION = YES;
				CLANG_WARN_OBJC_IMPLICIT_RETAIN_SELF = YES;
				CLANG_WARN_OBJC_LITERAL_CONVERSION = YES;
				CLANG_WARN_OBJC_ROOT_CLASS = YES_ERROR;
				CLANG_WARN_QUOTED_INCLUDE_IN_FRAMEWORK_HEADER = YES;
				CLANG_WARN_RANGE_LOOP_ANALYSIS = YES;
				CLANG_WARN_STRICT_PROTOTYPES = YES;
				CLANG_WARN_SUSPICIOUS_MOVE = YES;
				CLANG_WARN_UNGUARDED_AVAILABILITY = YES_AGGRESSIVE;
				CLANG_WARN_UNREACHABLE_CODE = YES;
				CLANG_WARN__DUPLICATE_METHOD_MATCH = YES;
				COPY_PHASE_STRIP = NO;
				CURRENT_PROJECT_VERSION = 1;
				DEBUG_INFORMATION_FORMAT = dwarf;
				ENABLE_STRICT_OBJC_MSGSEND = YES;
				ENABLE_TESTABILITY = YES;
				GCC_C_LANGUAGE_STANDARD = gnu11;
				GCC_DYNAMIC_NO_PIC = NO;
				GCC_NO_COMMON_BLOCKS = YES;
				GCC_OPTIMIZATION_LEVEL = 0;
				GCC_PREPROCESSOR_DEFINITIONS = (
					"DEBUG=1",
					"$(inherited)",
				);
				GCC_WARN_64_TO_32_BIT_CONVERSION = YES;
				GCC_WARN_ABOUT_RETURN_TYPE = YES_ERROR;
				GCC_WARN_UNDECLARED_SELECTOR = YES;
				GCC_WARN_UNINITIALIZED_AUTOS = YES_AGGRESSIVE;
				GCC_WARN_UNUSED_FUNCTION = YES;
				GCC_WARN_UNUSED_VARIABLE = YES;
				IPHONEOS_DEPLOYMENT_TARGET = 14.0;
				MTL_ENABLE_DEBUG_INFO = INCLUDE_SOURCE;
				MTL_FAST_MATH = YES;
				ONLY_ACTIVE_ARCH = YES;
				SDKROOT = iphoneos;
				SWIFT_ACTIVE_COMPILATION_CONDITIONS = DEBUG;
				SWIFT_OPTIMIZATION_LEVEL = "-Onone";
				VERSIONING_SYSTEM = "apple-generic";
				VERSION_INFO_PREFIX = "";
			};
			name = Debug;
		};
		B83FF460252822C600D8B197 /* Release */ = {
			isa = XCBuildConfiguration;
			buildSettings = {
				ALWAYS_SEARCH_USER_PATHS = NO;
				CLANG_ANALYZER_NONNULL = YES;
				CLANG_ANALYZER_NUMBER_OBJECT_CONVERSION = YES_AGGRESSIVE;
				CLANG_CXX_LANGUAGE_STANDARD = "gnu++14";
				CLANG_CXX_LIBRARY = "libc++";
				CLANG_ENABLE_MODULES = YES;
				CLANG_ENABLE_OBJC_ARC = YES;
				CLANG_ENABLE_OBJC_WEAK = YES;
				CLANG_WARN_BLOCK_CAPTURE_AUTORELEASING = YES;
				CLANG_WARN_BOOL_CONVERSION = YES;
				CLANG_WARN_COMMA = YES;
				CLANG_WARN_CONSTANT_CONVERSION = YES;
				CLANG_WARN_DEPRECATED_OBJC_IMPLEMENTATIONS = YES;
				CLANG_WARN_DIRECT_OBJC_ISA_USAGE = YES_ERROR;
				CLANG_WARN_DOCUMENTATION_COMMENTS = YES;
				CLANG_WARN_EMPTY_BODY = YES;
				CLANG_WARN_ENUM_CONVERSION = YES;
				CLANG_WARN_INFINITE_RECURSION = YES;
				CLANG_WARN_INT_CONVERSION = YES;
				CLANG_WARN_NON_LITERAL_NULL_CONVERSION = YES;
				CLANG_WARN_OBJC_IMPLICIT_RETAIN_SELF = YES;
				CLANG_WARN_OBJC_LITERAL_CONVERSION = YES;
				CLANG_WARN_OBJC_ROOT_CLASS = YES_ERROR;
				CLANG_WARN_QUOTED_INCLUDE_IN_FRAMEWORK_HEADER = YES;
				CLANG_WARN_RANGE_LOOP_ANALYSIS = YES;
				CLANG_WARN_STRICT_PROTOTYPES = YES;
				CLANG_WARN_SUSPICIOUS_MOVE = YES;
				CLANG_WARN_UNGUARDED_AVAILABILITY = YES_AGGRESSIVE;
				CLANG_WARN_UNREACHABLE_CODE = YES;
				CLANG_WARN__DUPLICATE_METHOD_MATCH = YES;
				COPY_PHASE_STRIP = NO;
				CURRENT_PROJECT_VERSION = 1;
				DEBUG_INFORMATION_FORMAT = "dwarf-with-dsym";
				ENABLE_NS_ASSERTIONS = NO;
				ENABLE_STRICT_OBJC_MSGSEND = YES;
				GCC_C_LANGUAGE_STANDARD = gnu11;
				GCC_NO_COMMON_BLOCKS = YES;
				GCC_WARN_64_TO_32_BIT_CONVERSION = YES;
				GCC_WARN_ABOUT_RETURN_TYPE = YES_ERROR;
				GCC_WARN_UNDECLARED_SELECTOR = YES;
				GCC_WARN_UNINITIALIZED_AUTOS = YES_AGGRESSIVE;
				GCC_WARN_UNUSED_FUNCTION = YES;
				GCC_WARN_UNUSED_VARIABLE = YES;
				IPHONEOS_DEPLOYMENT_TARGET = 14.0;
				MTL_ENABLE_DEBUG_INFO = NO;
				MTL_FAST_MATH = YES;
				SDKROOT = iphoneos;
				SWIFT_COMPILATION_MODE = wholemodule;
				SWIFT_OPTIMIZATION_LEVEL = "-O";
				VALIDATE_PRODUCT = YES;
				VERSIONING_SYSTEM = "apple-generic";
				VERSION_INFO_PREFIX = "";
			};
			name = Release;
		};
		B83FF462252822C600D8B197 /* Debug */ = {
			isa = XCBuildConfiguration;
			baseConfigurationReference = 8E635506E9F0FADB2A25AC65 /* Pods-SwiftyNarou.debug.xcconfig */;
			buildSettings = {
				CLANG_ENABLE_MODULES = YES;
				CODE_SIGN_STYLE = Automatic;
				DEFINES_MODULE = YES;
				DYLIB_COMPATIBILITY_VERSION = 1;
				DYLIB_CURRENT_VERSION = 1;
				DYLIB_INSTALL_NAME_BASE = "@rpath";
				INFOPLIST_FILE = SwiftyNarou/Info.plist;
				INSTALL_PATH = "$(LOCAL_LIBRARY_DIR)/Frameworks";
				LD_RUNPATH_SEARCH_PATHS = (
					"$(inherited)",
					"@executable_path/Frameworks",
					"@loader_path/Frameworks",
				);
				PRODUCT_BUNDLE_IDENTIFIER = Reed.SwiftyNarou;
				PRODUCT_NAME = "$(TARGET_NAME:c99extidentifier)";
				SKIP_INSTALL = YES;
				SWIFT_OPTIMIZATION_LEVEL = "-Onone";
				SWIFT_VERSION = 5.0;
				TARGETED_DEVICE_FAMILY = "1,2";
			};
			name = Debug;
		};
		B83FF463252822C600D8B197 /* Release */ = {
			isa = XCBuildConfiguration;
			baseConfigurationReference = 886ABC3075DFB79F1F311B33 /* Pods-SwiftyNarou.release.xcconfig */;
			buildSettings = {
				CLANG_ENABLE_MODULES = YES;
				CODE_SIGN_STYLE = Automatic;
				DEFINES_MODULE = YES;
				DYLIB_COMPATIBILITY_VERSION = 1;
				DYLIB_CURRENT_VERSION = 1;
				DYLIB_INSTALL_NAME_BASE = "@rpath";
				INFOPLIST_FILE = SwiftyNarou/Info.plist;
				INSTALL_PATH = "$(LOCAL_LIBRARY_DIR)/Frameworks";
				LD_RUNPATH_SEARCH_PATHS = (
					"$(inherited)",
					"@executable_path/Frameworks",
					"@loader_path/Frameworks",
				);
				PRODUCT_BUNDLE_IDENTIFIER = Reed.SwiftyNarou;
				PRODUCT_NAME = "$(TARGET_NAME:c99extidentifier)";
				SKIP_INSTALL = YES;
				SWIFT_VERSION = 5.0;
				TARGETED_DEVICE_FAMILY = "1,2";
			};
			name = Release;
		};
		B83FF465252822C600D8B197 /* Debug */ = {
			isa = XCBuildConfiguration;
			baseConfigurationReference = ECDDD2D4D3B3EA1810FB45B1 /* Pods-SwiftyNarouTests.debug.xcconfig */;
			buildSettings = {
				ALWAYS_EMBED_SWIFT_STANDARD_LIBRARIES = YES;
				CODE_SIGN_STYLE = Automatic;
				INFOPLIST_FILE = SwiftyNarouTests/Info.plist;
				LD_RUNPATH_SEARCH_PATHS = (
					"$(inherited)",
					"@executable_path/Frameworks",
					"@loader_path/Frameworks",
				);
				PRODUCT_BUNDLE_IDENTIFIER = Reed.SwiftyNarouTests;
				PRODUCT_NAME = "$(TARGET_NAME)";
				SWIFT_VERSION = 5.0;
				TARGETED_DEVICE_FAMILY = "1,2";
			};
			name = Debug;
		};
		B83FF466252822C600D8B197 /* Release */ = {
			isa = XCBuildConfiguration;
			baseConfigurationReference = 573BE494635C7BB0DADF36EB /* Pods-SwiftyNarouTests.release.xcconfig */;
			buildSettings = {
				ALWAYS_EMBED_SWIFT_STANDARD_LIBRARIES = YES;
				CODE_SIGN_STYLE = Automatic;
				INFOPLIST_FILE = SwiftyNarouTests/Info.plist;
				LD_RUNPATH_SEARCH_PATHS = (
					"$(inherited)",
					"@executable_path/Frameworks",
					"@loader_path/Frameworks",
				);
				PRODUCT_BUNDLE_IDENTIFIER = Reed.SwiftyNarouTests;
				PRODUCT_NAME = "$(TARGET_NAME)";
				SWIFT_VERSION = 5.0;
				TARGETED_DEVICE_FAMILY = "1,2";
			};
			name = Release;
		};
/* End XCBuildConfiguration section */

/* Begin XCConfigurationList section */
		B83FF447252822C600D8B197 /* Build configuration list for PBXProject "SwiftyNarou" */ = {
			isa = XCConfigurationList;
			buildConfigurations = (
				B83FF45F252822C600D8B197 /* Debug */,
				B83FF460252822C600D8B197 /* Release */,
			);
			defaultConfigurationIsVisible = 0;
			defaultConfigurationName = Release;
		};
		B83FF461252822C600D8B197 /* Build configuration list for PBXNativeTarget "SwiftyNarou" */ = {
			isa = XCConfigurationList;
			buildConfigurations = (
				B83FF462252822C600D8B197 /* Debug */,
				B83FF463252822C600D8B197 /* Release */,
			);
			defaultConfigurationIsVisible = 0;
			defaultConfigurationName = Release;
		};
		B83FF464252822C600D8B197 /* Build configuration list for PBXNativeTarget "SwiftyNarouTests" */ = {
			isa = XCConfigurationList;
			buildConfigurations = (
				B83FF465252822C600D8B197 /* Debug */,
				B83FF466252822C600D8B197 /* Release */,
			);
			defaultConfigurationIsVisible = 0;
			defaultConfigurationName = Release;
		};
/* End XCConfigurationList section */
	};
	rootObject = B83FF444252822C600D8B197 /* Project object */;
}
